
Microsoft Visual Studio Solution File, Format Version 12.00
# Visual Studio Version 17
VisualStudioVersion = 17.11.35222.181
MinimumVisualStudioVersion = 10.0.40219.1
Project("{FAE04EC0-301F-11D3-BF4B-00C04F79EFBC}") = "WebApplication2", "WebApplication2.csproj", "{AD8E3F77-2A06-46C4-ADA4-77F63EE721AE}"
EndProject
Global
	GlobalSection(SolutionConfigurationPlatforms) = preSolution
		Debug|Any CPU = Debug|Any CPU
		Release|Any CPU = Release|Any CPU
	EndGlobalSection
	GlobalSection(ProjectConfigurationPlatforms) = postSolution
		{AD8E3F77-2A06-46C4-ADA4-77F63EE721AE}.Debug|Any CPU.ActiveCfg = Debug|Any CPU
		{AD8E3F77-2A06-46C4-ADA4-77F63EE721AE}.Debug|Any CPU.Build.0 = Debug|Any CPU
		{AD8E3F77-2A06-46C4-ADA4-77F63EE721AE}.Release|Any CPU.ActiveCfg = Release|Any CPU
		{AD8E3F77-2A06-46C4-ADA4-77F63EE721AE}.Release|Any CPU.Build.0 = Release|Any CPU
	EndGlobalSection
	GlobalSection(SolutionProperties) = preSolution
		HideSolutionNode = FALSE
	EndGlobalSection
	GlobalSection(ExtensibilityGlobals) = postSolution
		SolutionGuid = {4466CD97-56CE-4A0F-A4EE-DC181B975843}
	EndGlobalSection
EndGlobal
